{
  "name": "pinet-static-assets",
  "lockfileVersion": 3,
  "requires": true,
  "packages": {
    "": {
      "name": "pinet-static-assets",
      "dependencies": {
        "angular": "1.8.3",
        "angular-animate": "1.8.3",
        "angular-filter": "0.5.7",
        "angular-route": "1.8.3",
        "angular-strap": "2.3.8",
        "angular-touch": "1.8.3",
        "angular-ui-bootstrap": "2.5.0",
        "angularjs-slider": "7.1.0",
        "bootstrap": "5.0.0",
        "jquery": "3.5.0",
        "ng-tags-input": "3.0.0"
      }
    },
    "node_modules/@popperjs/core": {
      "version": "2.11.8",
      "resolved": "https://registry.npmjs.org/@popperjs/core/-/core-2.11.8.tgz",
      "integrity": "sha512-P1st0aksCrn9sGZhp8GMYwBnQsbvAWsZAX44oXNNvLHGqAOcoVxmjZiohstwQ7SqKnbR47akdNi+uleWD8+g6A==",
      "license": "MIT",
      "peer": true,
      "funding": {
        "type": "opencollective",
        "url": "https://opencollective.com/popperjs"
      }
    },
    "node_modules/angular": {
      "version": "1.8.3",
      "resolved": "https://registry.npmjs.org/angular/-/angular-1.8.3.tgz",
      "integrity": "sha512-5qjkWIQQVsHj4Sb5TcEs4WZWpFeVFHXwxEBHUhrny41D8UrBAd6T/6nPPAsLngJCReIOqi95W3mxdveveutpZw==",
      "deprecated": "For the actively supported Angular, see https://www.npmjs.com/package/@angular/core. AngularJS support has officially ended. For extended AngularJS support options, see https://goo.gle/angularjs-path-forward.",
      "license": "MIT"
    },
    "node_modules/angular-animate": {
      "version": "1.8.3",
      "resolved": "https://registry.npmjs.org/angular-animate/-/angular-animate-1.8.3.tgz",
      "integrity": "sha512-/LtTKvy5sD6MZbV0v+nHgOIpnFF0mrUp+j5WIxVprVhcrJriYpuCZf4S7Owj1o76De/J0eRzANUozNJ6hVepnQ==",
      "deprecated": "For the actively supported Angular, see https://www.npmjs.com/package/@angular/core. AngularJS support has officially ended. For extended AngularJS support options, see https://goo.gle/angularjs-path-forward.",
      "license": "MIT"
    },
    "node_modules/angular-filter": {
      "version": "0.5.7",
      "resolved": "https://registry.npmjs.org/angular-filter/-/angular-filter-0.5.7.tgz",
      "integrity": "sha512-Eett2z6gpVjdervE8vbnifAGBj3ACAmZrtouC9LAiygvJDGV4GgCMElt3+EoOz7Re6WPJIstjh03b4uJe+CiYQ==",
      "license": "MIT",
      "dependencies": {
        "angular": "*"
      },
      "engines": {
        "node": ">=0.10.0"
      }
    },
    "node_modules/angular-route": {
      "version": "1.8.3",
      "resolved": "https://registry.npmjs.org/angular-route/-/angular-route-1.8.3.tgz",
      "integrity": "sha512-kpIcRmDR2+o1FxDVVYy8Rvfab86/7LDbOgTRb9T+X9ewPQiBRuDEnZtM3oJYBiQLvAXDYTJXHV48n/bGE9Mv2g==",
      "deprecated": "For the actively supported Angular, see https://www.npmjs.com/package/@angular/core. AngularJS support has officially ended. For extended AngularJS support options, see https://goo.gle/angularjs-path-forward.",
      "license": "MIT"
    },
    "node_modules/angular-strap": {
      "version": "2.3.8",
      "resolved": "https://registry.npmjs.org/angular-strap/-/angular-strap-2.3.8.tgz",
      "integrity": "sha512-rw/d6CeA7g/ojgb3P9F4fdTFG1PU3IRUWh50dApeTgsUEkH5IAM/Nf22qQdS66tZSJ0JT+omvjtYK2NoWuA95Q==",
      "license": "MIT"
    },
    "node_modules/angular-touch": {
      "version": "1.8.3",
      "resolved": "https://registry.npmjs.org/angular-touch/-/angular-touch-1.8.3.tgz",
      "integrity": "sha512-QFLhJl5K7AsMBgK87Mxx/XtBYiFl2lBnjgGNCjGyAh5gM8eHsBWgaOxZsovP6qZSljG4wIA9dA9NPkXXtbo/WQ==",
      "deprecated": "For the actively supported Angular, see https://www.npmjs.com/package/@angular/core. AngularJS support has officially ended. For extended AngularJS support options, see https://goo.gle/angularjs-path-forward.",
      "license": "MIT"
    },
    "node_modules/angular-ui-bootstrap": {
      "version": "2.5.0",
      "resolved": "https://registry.npmjs.org/angular-ui-bootstrap/-/angular-ui-bootstrap-2.5.0.tgz",
      "integrity": "sha512-XcIAGHEUuTBJRnR//mJ2UpbOo//k56Yi+cREn+1O9wSF1rgRY1xZ00mhL3+elrIxaalcO3Kc/L2dZshtrafeGg==",
      "license": "MIT"
    },
    "node_modules/angularjs-slider": {
      "version": "7.1.0",
      "resolved": "https://registry.npmjs.org/angularjs-slider/-/angularjs-slider-7.1.0.tgz",
      "integrity": "sha512-BRhd0C+EtrFcyQw2mi0fwOxRl2hayohh/HhtrOB57SmoOrG/q86A0xubrTzVzd3veNBnFywrKFabAtldTUNTzQ==",
      "license": "MIT",
      "peerDependencies": {
        "angular": "^1.2.x"
      }
    },
    "node_modules/bootstrap": {
      "version": "5.0.0",
      "resolved": "https://registry.npmjs.org/bootstrap/-/bootstrap-5.0.0.tgz",
      "integrity": "sha512-tmhPET9B9qCl8dCofvHeiIhi49iBt0EehmIsziZib65k1erBW1rHhj2s/2JsuQh5Pq+xz2E9bEbzp9B7xHG+VA==",
      "license": "MIT",
      "funding": {
        "type": "opencollective",
        "url": "https://opencollective.com/bootstrap"
      },
      "peerDependencies": {
        "@popperjs/core": "^2.9.2"
      }
    },
    "node_modules/jquery": {
      "version": "3.5.0",
      "resolved": "https://registry.npmjs.org/jquery/-/jquery-3.5.0.tgz",
      "integrity": "sha512-Xb7SVYMvygPxbFMpTFQiHh1J7HClEaThguL15N/Gg37Lri/qKyhRGZYzHRyLH8Stq3Aow0LsHO2O2ci86fCrNQ==",
      "license": "MIT"
    },
    "node_modules/ng-tags-input": {
      "version": "3.0.0",
      "resolved": "https://registry.npmjs.org/ng-tags-input/-/ng-tags-input-3.0.0.tgz",
      "integrity": "sha512-x5RPfz6ue76nmRGOkwpg2o/sWBg202BIilaYdHckHhbUPUyYtYy/2KexeFnIzINW4crHus0/J82hmco3/MUMUg==",
      "license": "MIT"
    }
  }
}
